
Microsoft Visual Studio Solution File, Format Version 12.00
# Visual Studio Version 17
VisualStudioVersion = 17.14.36202.13
MinimumVisualStudioVersion = 10.0.40219.1
Project("{FAE04EC0-301F-11D3-BF4B-00C04F79EFBC}") = "MSPR-bloc-4-products", "MSPR-bloc-4-products\MSPR-bloc-4-products.csproj", "{5A80B8EB-9413-4FB8-9199-9EDEF6F02DF7}"
EndProject
Project("{FAE04EC0-301F-11D3-BF4B-00C04F79EFBC}") = "MSPR-bloc-4-products.tests", "..\MSPR-bloc-4-products.tests\MSPR-bloc-4-products.tests\MSPR-bloc-4-products.tests.csproj", "{A30AAEA5-399B-5B76-2212-B8C7426522A1}"
EndProject
Global
	GlobalSection(SolutionConfigurationPlatforms) = preSolution
		Debug|Any CPU = Debug|Any CPU
		Release|Any CPU = Release|Any CPU
	EndGlobalSection
	GlobalSection(ProjectConfigurationPlatforms) = postSolution
		{5A80B8EB-9413-4FB8-9199-9EDEF6F02DF7}.Debug|Any CPU.ActiveCfg = Debug|Any CPU
		{5A80B8EB-9413-4FB8-9199-9EDEF6F02DF7}.Debug|Any CPU.Build.0 = Debug|Any CPU
		{5A80B8EB-9413-4FB8-9199-9EDEF6F02DF7}.Release|Any CPU.ActiveCfg = Release|Any CPU
		{5A80B8EB-9413-4FB8-9199-9EDEF6F02DF7}.Release|Any CPU.Build.0 = Release|Any CPU
		{A30AAEA5-399B-5B76-2212-B8C7426522A1}.Debug|Any CPU.ActiveCfg = Debug|Any CPU
		{A30AAEA5-399B-5B76-2212-B8C7426522A1}.Debug|Any CPU.Build.0 = Debug|Any CPU
		{A30AAEA5-399B-5B76-2212-B8C7426522A1}.Release|Any CPU.ActiveCfg = Release|Any CPU
		{A30AAEA5-399B-5B76-2212-B8C7426522A1}.Release|Any CPU.Build.0 = Release|Any CPU
	EndGlobalSection
	GlobalSection(SolutionProperties) = preSolution
		HideSolutionNode = FALSE
	EndGlobalSection
	GlobalSection(ExtensibilityGlobals) = postSolution
		SolutionGuid = {5EE8F926-F48D-4044-8007-0CD8C36DE26E}
	EndGlobalSection
EndGlobal
